<?xml version="1.0" encoding="utf-8"?>
<Project ToolsVersion="4.0" xmlns="http://schemas.microsoft.com/developer/msbuild/2003">
  <ItemGroup>
    <Filter Include="Source Files">
      <UniqueIdentifier>{4FC737F1-C7A5-4376-A066-2A32D752A2FF}</UniqueIdentifier>
      <Extensions>cpp;c;cc;cxx;def;odl;idl;hpj;bat;asm;asmx</Extensions>
    </Filter>
    <Filter Include="Header Files">
      <UniqueIdentifier>{93995380-89BD-4b04-88EB-625FBE52EBFB}</UniqueIdentifier>
      <Extensions>h;hh;hpp;hxx;hm;inl;inc;xsd</Extensions>
    </Filter>
    <Filter Include="Resource Files">
      <UniqueIdentifier>{67DA6AB6-F800-4c08-8B7A-83BB121AAD01}</UniqueIdentifier>
      <Extensions>rc;ico;cur;bmp;dlg;rc2;rct;bin;rgs;gif;jpg;jpeg;jpe;resx;tiff;tif;png;wav;mfcribbon-ms</Extensions>
    </Filter>
    <Filter Include="Data">
      <UniqueIdentifier>{ab914dcc-e22a-4c16-bdb6-caaa93175483}</UniqueIdentifier>
    </Filter>
    <Filter Include="Source Files\Game">
      <UniqueIdentifier>{2996da83-6d3c-4e25-8a5a-6216b8ee340c}</UniqueIdentifier>
    </Filter>
    <Filter Include="Header Files\Game">
      <UniqueIdentifier>{95880d5b-59e8-4055-81d5-426a55435c66}</UniqueIdentifier>
    </Filter>
  </ItemGroup>
  <ItemGroup>
    <ClInclude Include="..\Game Elements\Headers\appState.h">
      <Filter>Header Files\Game</Filter>
    </ClInclude>
    <ClInclude Include="..\Game Elements\Headers\appState_game.h">
      <Filter>Header Files\Game</Filter>
    </ClInclude>
    <ClInclude Include="..\Game Elements\Headers\appState_menu.h">
      <Filter>Header Files\Game</Filter>
    </ClInclude>
    <ClInclude Include="..\Game Elements\Headers\game.h">
      <Filter>Header Files\Game</Filter>
    </ClInclude>
    <ClInclude Include="..\Game Elements\Headers\entity.h">
      <Filter>Header Files\Game</Filter>
    </ClInclude>
    <ClInclude Include="..\Game Elements\Headers\world.h">
      <Filter>Header Files\Game</Filter>
    </ClInclude>
    <ClInclude Include="..\Game Elements\Headers\userinterface.h">
      <Filter>Header Files\Game</Filter>
    </ClInclude>
    <ClInclude Include="..\Game Elements\Headers\externs.h">
      <Filter>Header Files\Game</Filter>
    </ClInclude>
    <ClInclude Include="..\Game Elements\Headers\appState_pause.h">
      <Filter>Header Files\Game</Filter>
    </ClInclude>
    <ClInclude Include="..\Game Elements\Headers\lvlManager.h">
      <Filter>Header Files\Game</Filter>
    </ClInclude>
    <ClInclude Include="..\include\renderer.h">
      <Filter>Header Files</Filter>
    </ClInclude>
    <ClInclude Include="..\include\resourcemanager.h">
      <Filter>Header Files</Filter>
    </ClInclude>
    <ClInclude Include="..\include\scene.h">
      <Filter>Header Files</Filter>
    </ClInclude>
    <ClInclude Include="..\include\screen.h">
      <Filter>Header Files</Filter>
    </ClInclude>
    <ClInclude Include="..\include\skeletondata.h">
      <Filter>Header Files</Filter>
    </ClInclude>
    <ClInclude Include="..\include\skeletonsprite.h">
      <Filter>Header Files</Filter>
    </ClInclude>
    <ClInclude Include="..\include\sprite.h">
      <Filter>Header Files</Filter>
    </ClInclude>
    <ClInclude Include="..\include\stb_image_write.h">
      <Filter>Header Files</Filter>
    </ClInclude>
    <ClInclude Include="..\include\stb_truetype.h">
      <Filter>Header Files</Filter>
    </ClInclude>
    <ClInclude Include="..\include\string.h">
      <Filter>Header Files</Filter>
    </ClInclude>
    <ClInclude Include="..\include\types.h">
      <Filter>Header Files</Filter>
    </ClInclude>
    <ClInclude Include="..\include\u-gine.h">
      <Filter>Header Files</Filter>
    </ClInclude>
    <ClInclude Include="..\include\affector.h">
      <Filter>Header Files</Filter>
    </ClInclude>
    <ClInclude Include="..\include\array.h">
      <Filter>Header Files</Filter>
    </ClInclude>
    <ClInclude Include="..\include\bone.h">
      <Filter>Header Files</Filter>
    </ClInclude>
    <ClInclude Include="..\include\bonedata.h">
      <Filter>Header Files</Filter>
    </ClInclude>
    <ClInclude Include="..\include\camera.h">
      <Filter>Header Files</Filter>
    </ClInclude>
    <ClInclude Include="..\include\circlecollision.h">
      <Filter>Header Files</Filter>
    </ClInclude>
    <ClInclude Include="..\include\collision.h">
      <Filter>Header Files</Filter>
    </ClInclude>
    <ClInclude Include="..\include\collisionmanager.h">
      <Filter>Header Files</Filter>
    </ClInclude>
    <ClInclude Include="..\include\collisionpixeldata.h">
      <Filter>Header Files</Filter>
    </ClInclude>
    <ClInclude Include="..\include\emitter.h">
      <Filter>Header Files</Filter>
    </ClInclude>
    <ClInclude Include="..\include\file.h">
      <Filter>Header Files</Filter>
    </ClInclude>
    <ClInclude Include="..\include\font.h">
      <Filter>Header Files</Filter>
    </ClInclude>
    <ClInclude Include="..\include\frame.h">
      <Filter>Header Files</Filter>
    </ClInclude>
    <ClInclude Include="..\include\glinclude.h">
      <Filter>Header Files</Filter>
    </ClInclude>
    <ClInclude Include="..\include\glyph.h">
      <Filter>Header Files</Filter>
    </ClInclude>
    <ClInclude Include="..\include\image.h">
      <Filter>Header Files</Filter>
    </ClInclude>
    <ClInclude Include="..\include\isometricmap.h">
      <Filter>Header Files</Filter>
    </ClInclude>
    <ClInclude Include="..\include\isometricscene.h">
      <Filter>Header Files</Filter>
    </ClInclude>
    <ClInclude Include="..\include\isometricsprite.h">
      <Filter>Header Files</Filter>
    </ClInclude>
    <ClInclude Include="..\include\map.h">
      <Filter>Header Files</Filter>
    </ClInclude>
    <ClInclude Include="..\include\mapscene.h">
      <Filter>Header Files</Filter>
    </ClInclude>
    <ClInclude Include="..\include\math.h">
      <Filter>Header Files</Filter>
    </ClInclude>
    <ClInclude Include="..\include\parallaxscene.h">
      <Filter>Header Files</Filter>
    </ClInclude>
    <ClInclude Include="..\include\particle.h">
      <Filter>Header Files</Filter>
    </ClInclude>
    <ClInclude Include="..\include\pixelcollision.h">
      <Filter>Header Files</Filter>
    </ClInclude>
    <ClInclude Include="..\include\rectcollision.h">
      <Filter>Header Files</Filter>
    </ClInclude>
    <ClInclude Include="..\Game Elements\Headers\componentrender.h">
      <Filter>Header Files\Game</Filter>
    </ClInclude>
    <ClInclude Include="..\Game Elements\Headers\message.h">
      <Filter>Header Files\Game</Filter>
    </ClInclude>
    <ClInclude Include="..\Game Elements\Headers\languagemanager.h">
      <Filter>Header Files\Game</Filter>
    </ClInclude>
    <ClInclude Include="..\Game Elements\Headers\component.h">
      <Filter>Header Files\Game</Filter>
    </ClInclude>
    <ClInclude Include="..\Game Elements\Headers\componententitystate.h">
      <Filter>Header Files\Game</Filter>
    </ClInclude>
    <ClInclude Include="..\Game Elements\Headers\componentplayercontrol.h">
      <Filter>Header Files\Game</Filter>
    </ClInclude>
    <ClInclude Include="..\Game Elements\Headers\componentfire.h">
      <Filter>Header Files\Game</Filter>
    </ClInclude>
    <ClInclude Include="..\Game Elements\Headers\componentautomovement.h">
      <Filter>Header Files\Game</Filter>
    </ClInclude>
    <ClInclude Include="..\Game Elements\Headers\componentcollision.h">
      <Filter>Header Files\Game</Filter>
    </ClInclude>
    <ClInclude Include="..\Game Elements\Headers\componenttype.h">
      <Filter>Header Files\Game</Filter>
    </ClInclude>
    <ClInclude Include="..\Game Elements\Headers\enumentitytype.h">
      <Filter>Header Files\Game</Filter>
    </ClInclude>
  </ItemGroup>
  <ItemGroup>
    <ClCompile Include="..\Game Elements\Modules\enemyCollisioner.cpp">
      <Filter>Source Files\Game</Filter>
    </ClCompile>
    <ClCompile Include="..\Game Elements\Modules\enemyShooter.cpp">
      <Filter>Source Files\Game</Filter>
    </ClCompile>
    <ClCompile Include="..\Game Elements\Modules\appState_game.cpp">
      <Filter>Source Files\Game</Filter>
    </ClCompile>
    <ClCompile Include="..\Game Elements\Modules\appState_menu.cpp">
      <Filter>Source Files\Game</Filter>
    </ClCompile>
    <ClCompile Include="..\Game Elements\Modules\main.cpp">
      <Filter>Source Files\Game</Filter>
    </ClCompile>
    <ClCompile Include="..\Game Elements\Modules\game.cpp">
      <Filter>Source Files\Game</Filter>
    </ClCompile>
    <ClCompile Include="..\Game Elements\Modules\player.cpp">
      <Filter>Source Files\Game</Filter>
    </ClCompile>
    <ClCompile Include="..\Game Elements\Modules\world.cpp">
      <Filter>Source Files\Game</Filter>
    </ClCompile>
    <ClCompile Include="..\Game Elements\Modules\userinterface.cpp">
      <Filter>Source Files\Game</Filter>
    </ClCompile>
    <ClCompile Include="..\Game Elements\Modules\appState_pause.cpp">
      <Filter>Source Files\Game</Filter>
    </ClCompile>
    <ClCompile Include="..\Game Elements\Modules\lvlManager.cpp">
      <Filter>Source Files\Game</Filter>
    </ClCompile>
    <ClCompile Include="..\Game Elements\Modules\bullet.cpp">
      <Filter>Source Files\Game</Filter>
    </ClCompile>
    <ClCompile Include="..\src\renderer.cpp">
      <Filter>Source Files</Filter>
    </ClCompile>
    <ClCompile Include="..\src\resourcemanager.cpp">
      <Filter>Source Files</Filter>
    </ClCompile>
    <ClCompile Include="..\src\scene.cpp">
      <Filter>Source Files</Filter>
    </ClCompile>
    <ClCompile Include="..\src\screen.cpp">
      <Filter>Source Files</Filter>
    </ClCompile>
    <ClCompile Include="..\src\skeletondata.cpp">
      <Filter>Source Files</Filter>
    </ClCompile>
    <ClCompile Include="..\src\skeletonsprite.cpp">
      <Filter>Source Files</Filter>
    </ClCompile>
    <ClCompile Include="..\src\sprite.cpp">
      <Filter>Source Files</Filter>
    </ClCompile>
    <ClCompile Include="..\src\affector.cpp">
      <Filter>Source Files</Filter>
    </ClCompile>
    <ClCompile Include="..\src\bone.cpp">
      <Filter>Source Files</Filter>
    </ClCompile>
    <ClCompile Include="..\src\camera.cpp">
      <Filter>Source Files</Filter>
    </ClCompile>
    <ClCompile Include="..\src\collisionmanager.cpp">
      <Filter>Source Files</Filter>
    </ClCompile>
    <ClCompile Include="..\src\collisionpixeldata.cpp">
      <Filter>Source Files</Filter>
    </ClCompile>
    <ClCompile Include="..\src\emitter.cpp">
      <Filter>Source Files</Filter>
    </ClCompile>
    <ClCompile Include="..\src\font.cpp">
      <Filter>Source Files</Filter>
    </ClCompile>
    <ClCompile Include="..\src\Glyph.cpp">
      <Filter>Source Files</Filter>
    </ClCompile>
    <ClCompile Include="..\src\image.cpp">
      <Filter>Source Files</Filter>
    </ClCompile>
    <ClCompile Include="..\src\isometricmap.cpp">
      <Filter>Source Files</Filter>
    </ClCompile>
    <ClCompile Include="..\src\isometricscene.cpp">
      <Filter>Source Files</Filter>
    </ClCompile>
    <ClCompile Include="..\src\isometricsprite.cpp">
      <Filter>Source Files</Filter>
    </ClCompile>
    <ClCompile Include="..\src\map.cpp">
      <Filter>Source Files</Filter>
    </ClCompile>
    <ClCompile Include="..\src\mapscene.cpp">
      <Filter>Source Files</Filter>
    </ClCompile>
    <ClCompile Include="..\src\math.cpp">
      <Filter>Source Files</Filter>
    </ClCompile>
    <ClCompile Include="..\src\parallaxscene.cpp">
      <Filter>Source Files</Filter>
    </ClCompile>
    <ClCompile Include="..\src\particle.cpp">
      <Filter>Source Files</Filter>
    </ClCompile>
    <ClCompile Include="..\lib\stb_vorbis.c">
      <Filter>Source Files</Filter>
    </ClCompile>
    <ClCompile Include="..\lib\stb_image.c">
      <Filter>Source Files</Filter>
    </ClCompile>
    <ClCompile Include="..\Game Elements\Modules\entity.cpp">
      <Filter>Source Files\Game</Filter>
    </ClCompile>
    <ClCompile Include="..\Game Elements\Modules\componentrender.cpp">
      <Filter>Source Files\Game</Filter>
    </ClCompile>
    <ClCompile Include="..\Game Elements\Modules\languagemanager.cpp">
      <Filter>Source Files\Game</Filter>
    </ClCompile>
    <ClCompile Include="..\Game Elements\Modules\componententitystate.cpp">
      <Filter>Source Files\Game</Filter>
    </ClCompile>
    <ClCompile Include="..\Game Elements\Modules\componentplayercontrol.cpp">
      <Filter>Source Files\Game</Filter>
    </ClCompile>
    <ClCompile Include="..\Game Elements\Modules\componentfire.cpp">
      <Filter>Source Files\Game</Filter>
    </ClCompile>
    <ClCompile Include="..\Game Elements\Modules\componentautomovement.cpp">
      <Filter>Source Files\Game</Filter>
    </ClCompile>
    <ClCompile Include="..\Game Elements\Modules\componentcollision.cpp">
      <Filter>Source Files\Game</Filter>
    </ClCompile>
    <ClCompile Include="..\Game Elements\Modules\componenttype.cpp">
      <Filter>Source Files\Game</Filter>
    </ClCompile>
  </ItemGroup>
  <ItemGroup>
    <Image Include="..\data\collisioner.png">
      <Filter>Data</Filter>
    </Image>
    <Image Include="..\data\shooter.png">
      <Filter>Data</Filter>
    </Image>
    <Image Include="..\data\hardBG.jpg">
      <Filter>Data</Filter>
    </Image>
    <Image Include="..\data\mediumBG.jpg">
      <Filter>Data</Filter>
    </Image>
    <Image Include="..\data\next.png">
      <Filter>Data</Filter>
    </Image>
    <Image Include="..\data\player.png">
      <Filter>Data</Filter>
    </Image>
    <Image Include="..\data\shooter1.png">
      <Filter>Data</Filter>
    </Image>
    <Image Include="..\data\shooter2.png">
      <Filter>Data</Filter>
    </Image>
    <Image Include="..\data\basicBG.jpg">
      <Filter>Data</Filter>
    </Image>
    <Image Include="..\data\font.png">
      <Filter>Data</Filter>
    </Image>
  </ItemGroup>
  <ItemGroup>
    <Text Include="..\data\hard.txt">
      <Filter>Data</Filter>
    </Text>
    <Text Include="..\data\medium.txt">
      <Filter>Data</Filter>
    </Text>
    <Text Include="..\data\basic.txt">
      <Filter>Data</Filter>
    </Text>
  </ItemGroup>
</Project>